
Microsoft Visual Studio Solution File, Format Version 12.00
# Visual Studio 15
VisualStudioVersion = 15.0.28010.2026
MinimumVisualStudioVersion = 10.0.40219.1
Project("{8BC9CEB8-8B4A-11D0-8D11-00A0C91BC942}") = "数字图像处理3", "数字图像处理3\数字图像处理3.vcxproj", "{9133E359-8638-4CE9-A509-E24A2B0BF0CD}"
EndProject
Global
	GlobalSection(SolutionConfigurationPlatforms) = preSolution
		Debug|x64 = Debug|x64
		Debug|x86 = Debug|x86
		Release|x64 = Release|x64
		Release|x86 = Release|x86
	EndGlobalSection
	GlobalSection(ProjectConfigurationPlatforms) = postSolution
		{9133E359-8638-4CE9-A509-E24A2B0BF0CD}.Debug|x64.ActiveCfg = Debug|x64
		{9133E359-8638-4CE9-A509-E24A2B0BF0CD}.Debug|x64.Build.0 = Debug|x64
		{9133E359-8638-4CE9-A509-E24A2B0BF0CD}.Debug|x86.ActiveCfg = Debug|Win32
		{9133E359-8638-4CE9-A509-E24A2B0BF0CD}.Debug|x86.Build.0 = Debug|Win32
		{9133E359-8638-4CE9-A509-E24A2B0BF0CD}.Release|x64.ActiveCfg = Release|x64
		{9133E359-8638-4CE9-A509-E24A2B0BF0CD}.Release|x64.Build.0 = Release|x64
		{9133E359-8638-4CE9-A509-E24A2B0BF0CD}.Release|x86.ActiveCfg = Release|Win32
		{9133E359-8638-4CE9-A509-E24A2B0BF0CD}.Release|x86.Build.0 = Release|Win32
	EndGlobalSection
	GlobalSection(SolutionProperties) = preSolution
		HideSolutionNode = FALSE
	EndGlobalSection
	GlobalSection(ExtensibilityGlobals) = postSolution
		SolutionGuid = {B9167BAF-D7D8-47DE-9CFE-F30D022F3184}
	EndGlobalSection
EndGlobal
