
Microsoft Visual Studio Solution File, Format Version 12.00
# Visual Studio 15
VisualStudioVersion = 15.0.28010.2026
MinimumVisualStudioVersion = 10.0.40219.1
Project("{8BC9CEB8-8B4A-11D0-8D11-00A0C91BC942}") = "自联想存储器", "自联想存储器\自联想存储器.vcxproj", "{D3D23686-EFA1-4B6D-8A91-BDA9C24E3723}"
EndProject
Global
	GlobalSection(SolutionConfigurationPlatforms) = preSolution
		Debug|x64 = Debug|x64
		Debug|x86 = Debug|x86
		Release|x64 = Release|x64
		Release|x86 = Release|x86
	EndGlobalSection
	GlobalSection(ProjectConfigurationPlatforms) = postSolution
		{D3D23686-EFA1-4B6D-8A91-BDA9C24E3723}.Debug|x64.ActiveCfg = Debug|x64
		{D3D23686-EFA1-4B6D-8A91-BDA9C24E3723}.Debug|x64.Build.0 = Debug|x64
		{D3D23686-EFA1-4B6D-8A91-BDA9C24E3723}.Debug|x86.ActiveCfg = Debug|Win32
		{D3D23686-EFA1-4B6D-8A91-BDA9C24E3723}.Debug|x86.Build.0 = Debug|Win32
		{D3D23686-EFA1-4B6D-8A91-BDA9C24E3723}.Release|x64.ActiveCfg = Release|x64
		{D3D23686-EFA1-4B6D-8A91-BDA9C24E3723}.Release|x64.Build.0 = Release|x64
		{D3D23686-EFA1-4B6D-8A91-BDA9C24E3723}.Release|x86.ActiveCfg = Release|Win32
		{D3D23686-EFA1-4B6D-8A91-BDA9C24E3723}.Release|x86.Build.0 = Release|Win32
	EndGlobalSection
	GlobalSection(SolutionProperties) = preSolution
		HideSolutionNode = FALSE
	EndGlobalSection
	GlobalSection(ExtensibilityGlobals) = postSolution
		SolutionGuid = {DF99C7D9-1C7D-4921-9E06-569844CF4801}
	EndGlobalSection
EndGlobal
