
Microsoft Visual Studio Solution File, Format Version 12.00
# Visual Studio 15
VisualStudioVersion = 15.0.28010.2026
MinimumVisualStudioVersion = 10.0.40219.1
Project("{8BC9CEB8-8B4A-11D0-8D11-00A0C91BC942}") = "编译原理1", "编译原理1\编译原理1.vcxproj", "{EA070A63-8ED4-410C-82A5-43A1F721BB62}"
EndProject
Global
	GlobalSection(SolutionConfigurationPlatforms) = preSolution
		Debug|x64 = Debug|x64
		Debug|x86 = Debug|x86
		Release|x64 = Release|x64
		Release|x86 = Release|x86
	EndGlobalSection
	GlobalSection(ProjectConfigurationPlatforms) = postSolution
		{EA070A63-8ED4-410C-82A5-43A1F721BB62}.Debug|x64.ActiveCfg = Debug|x64
		{EA070A63-8ED4-410C-82A5-43A1F721BB62}.Debug|x64.Build.0 = Debug|x64
		{EA070A63-8ED4-410C-82A5-43A1F721BB62}.Debug|x86.ActiveCfg = Debug|Win32
		{EA070A63-8ED4-410C-82A5-43A1F721BB62}.Debug|x86.Build.0 = Debug|Win32
		{EA070A63-8ED4-410C-82A5-43A1F721BB62}.Release|x64.ActiveCfg = Release|x64
		{EA070A63-8ED4-410C-82A5-43A1F721BB62}.Release|x64.Build.0 = Release|x64
		{EA070A63-8ED4-410C-82A5-43A1F721BB62}.Release|x86.ActiveCfg = Release|Win32
		{EA070A63-8ED4-410C-82A5-43A1F721BB62}.Release|x86.Build.0 = Release|Win32
	EndGlobalSection
	GlobalSection(SolutionProperties) = preSolution
		HideSolutionNode = FALSE
	EndGlobalSection
	GlobalSection(ExtensibilityGlobals) = postSolution
		SolutionGuid = {4A055068-B995-4D1D-A0D5-6C1E5C56DBFC}
	EndGlobalSection
EndGlobal
